
Microsoft Visual Studio Solution File, Format Version 12.00
# Visual Studio 2012
Project("{FAE04EC0-301F-11D3-BF4B-00C04F79EFBC}") = "Berzerk", "Berzerk\Berzerk\Berzerk.csproj", "{33264778-CA19-4621-912D-01F438059F3C}"
EndProject
Project("{FAE04EC0-301F-11D3-BF4B-00C04F79EFBC}") = "BerzerkContent", "Berzerk\BerzerkContent\BerzerkContent.contentproj", "{43014EF7-8356-44AE-8624-D7017502D498}"
EndProject
Project("{FAE04EC0-301F-11D3-BF4B-00C04F79EFBC}") = "GameLib", "GameLib\GameLib\GameLib.csproj", "{CB13E11B-B358-4437-B89C-068DEB5836F8}"
EndProject
Global
	GlobalSection(SolutionConfigurationPlatforms) = preSolution
		Debug|x86 = Debug|x86
		Release|x86 = Release|x86
	EndGlobalSection
	GlobalSection(ProjectConfigurationPlatforms) = postSolution
		{33264778-CA19-4621-912D-01F438059F3C}.Debug|x86.ActiveCfg = Debug|x86
		{33264778-CA19-4621-912D-01F438059F3C}.Debug|x86.Build.0 = Debug|x86
		{33264778-CA19-4621-912D-01F438059F3C}.Release|x86.ActiveCfg = Release|x86
		{33264778-CA19-4621-912D-01F438059F3C}.Release|x86.Build.0 = Release|x86
		{43014EF7-8356-44AE-8624-D7017502D498}.Debug|x86.ActiveCfg = Debug|x86
		{43014EF7-8356-44AE-8624-D7017502D498}.Release|x86.ActiveCfg = Release|x86
		{CB13E11B-B358-4437-B89C-068DEB5836F8}.Debug|x86.ActiveCfg = Debug|x86
		{CB13E11B-B358-4437-B89C-068DEB5836F8}.Debug|x86.Build.0 = Debug|x86
		{CB13E11B-B358-4437-B89C-068DEB5836F8}.Release|x86.ActiveCfg = Release|x86
		{CB13E11B-B358-4437-B89C-068DEB5836F8}.Release|x86.Build.0 = Release|x86
	EndGlobalSection
	GlobalSection(SolutionProperties) = preSolution
		HideSolutionNode = FALSE
	EndGlobalSection
EndGlobal
